
Microsoft Visual Studio Solution File, Format Version 12.00
Project("{FAE04EC0-301F-11D3-BF4B-00C04F79EFBC}") = "BoardGameParty", "BoardGameParty\BoardGameParty.csproj", "{B166A061-A78D-41DD-9778-A32F69A3D34D}"
EndProject
Project("{FAE04EC0-301F-11D3-BF4B-00C04F79EFBC}") = "UITests.iOS", "UITests.iOS\UITests.iOS.csproj", "{7B9ABC52-1D26-45EA-9496-BFC190347710}"
EndProject
Project("{FAE04EC0-301F-11D3-BF4B-00C04F79EFBC}") = "UITests.Shared", "UITests.Shared\UITests.Shared.csproj", "{08E97956-A0DC-44BD-8C82-51D0A760D50C}"
EndProject
Project("{FAE04EC0-301F-11D3-BF4B-00C04F79EFBC}") = "UITests.Android", "UITests.Android\UITests.Android.csproj", "{91D811C7-E09A-48A4-9D61-AD58D58DACFA}"
EndProject
Global
	GlobalSection(SolutionConfigurationPlatforms) = preSolution
		Debug|Any CPU = Debug|Any CPU
		Release|Any CPU = Release|Any CPU
	EndGlobalSection
	GlobalSection(ProjectConfigurationPlatforms) = postSolution
		{B166A061-A78D-41DD-9778-A32F69A3D34D}.Debug|Any CPU.ActiveCfg = Debug|Any CPU
		{B166A061-A78D-41DD-9778-A32F69A3D34D}.Debug|Any CPU.Build.0 = Debug|Any CPU
		{B166A061-A78D-41DD-9778-A32F69A3D34D}.Release|Any CPU.ActiveCfg = Release|Any CPU
		{B166A061-A78D-41DD-9778-A32F69A3D34D}.Release|Any CPU.Build.0 = Release|Any CPU
		{B166A061-A78D-41DD-9778-A32F69A3D34D}.Debug|Any CPU.Deploy.0 = Debug|Any CPU
		{B166A061-A78D-41DD-9778-A32F69A3D34D}.Release|Any CPU.Deploy.0 = Release|Any CPU
		{7B9ABC52-1D26-45EA-9496-BFC190347710}.Debug|Any CPU.ActiveCfg = Debug|Any CPU
		{7B9ABC52-1D26-45EA-9496-BFC190347710}.Debug|Any CPU.Build.0 = Debug|Any CPU
		{7B9ABC52-1D26-45EA-9496-BFC190347710}.Release|Any CPU.ActiveCfg = Release|Any CPU
		{7B9ABC52-1D26-45EA-9496-BFC190347710}.Release|Any CPU.Build.0 = Release|Any CPU
		{08E97956-A0DC-44BD-8C82-51D0A760D50C}.Debug|Any CPU.ActiveCfg = Debug|Any CPU
		{08E97956-A0DC-44BD-8C82-51D0A760D50C}.Debug|Any CPU.Build.0 = Debug|Any CPU
		{08E97956-A0DC-44BD-8C82-51D0A760D50C}.Release|Any CPU.ActiveCfg = Release|Any CPU
		{08E97956-A0DC-44BD-8C82-51D0A760D50C}.Release|Any CPU.Build.0 = Release|Any CPU
		{91D811C7-E09A-48A4-9D61-AD58D58DACFA}.Debug|Any CPU.ActiveCfg = Debug|Any CPU
		{91D811C7-E09A-48A4-9D61-AD58D58DACFA}.Debug|Any CPU.Build.0 = Debug|Any CPU
		{91D811C7-E09A-48A4-9D61-AD58D58DACFA}.Release|Any CPU.ActiveCfg = Release|Any CPU
		{91D811C7-E09A-48A4-9D61-AD58D58DACFA}.Release|Any CPU.Build.0 = Release|Any CPU
	EndGlobalSection
EndGlobal
